
Microsoft Visual Studio Solution File, Format Version 12.00
# Visual Studio 15
VisualStudioVersion = 15.0.27703.2035
MinimumVisualStudioVersion = 10.0.40219.1
Project("{9A19103F-16F7-4668-BE54-9A1E7A4F7556}") = "CrawlerSamples.ConsoleApp", "src\CrawlerSamples.ConsoleApp\CrawlerSamples.ConsoleApp.csproj", "{CAAE5983-0BF8-4CA6-AAA8-8B5353ABE3B7}"
EndProject
Global
	GlobalSection(SolutionConfigurationPlatforms) = preSolution
		Debug|Any CPU = Debug|Any CPU
		Release|Any CPU = Release|Any CPU
	EndGlobalSection
	GlobalSection(ProjectConfigurationPlatforms) = postSolution
		{CAAE5983-0BF8-4CA6-AAA8-8B5353ABE3B7}.Debug|Any CPU.ActiveCfg = Debug|Any CPU
		{CAAE5983-0BF8-4CA6-AAA8-8B5353ABE3B7}.Debug|Any CPU.Build.0 = Debug|Any CPU
		{CAAE5983-0BF8-4CA6-AAA8-8B5353ABE3B7}.Release|Any CPU.ActiveCfg = Release|Any CPU
		{CAAE5983-0BF8-4CA6-AAA8-8B5353ABE3B7}.Release|Any CPU.Build.0 = Release|Any CPU
	EndGlobalSection
	GlobalSection(SolutionProperties) = preSolution
		HideSolutionNode = FALSE
	EndGlobalSection
	GlobalSection(ExtensibilityGlobals) = postSolution
		SolutionGuid = {78EEF4C3-4D04-40F8-8C8B-9F5F6410B942}
	EndGlobalSection
EndGlobal
